// !$*UTF8*$!
{
	archiveVersion = 1;
	classes = {
	};
	objectVersion = 56;
	objects = {

/* Begin PBXBuildFile section */
		B64DA81B2ACEE4C40067D3AA /* ShareView.swift in Sources */ = {isa = PBXBuildFile; fileRef = B64DA81A2ACEE4C40067D3AA /* ShareView.swift */; };
		B6553B332ADC880900DCD38E /* HomeView.swift in Sources */ = {isa = PBXBuildFile; fileRef = B6553B322ADC880900DCD38E /* HomeView.swift */; };
		B67B975C2ACB7D9F00893223 /* linneApp.swift in Sources */ = {isa = PBXBuildFile; fileRef = B67B975B2ACB7D9F00893223 /* linneApp.swift */; };
		B67B975E2ACB7D9F00893223 /* ContentView.swift in Sources */ = {isa = PBXBuildFile; fileRef = B67B975D2ACB7D9F00893223 /* ContentView.swift */; };
		B67B97602ACB7DA000893223 /* Assets.xcassets in Resources */ = {isa = PBXBuildFile; fileRef = B67B975F2ACB7DA000893223 /* Assets.xcassets */; };
		B67B97632ACB7DA000893223 /* Preview Assets.xcassets in Resources */ = {isa = PBXBuildFile; fileRef = B67B97622ACB7DA000893223 /* Preview Assets.xcassets */; };
		B67B976D2ACB7DA000893223 /* linneTests.swift in Sources */ = {isa = PBXBuildFile; fileRef = B67B976C2ACB7DA000893223 /* linneTests.swift */; };
		B67B97772ACB7DA000893223 /* linneUITests.swift in Sources */ = {isa = PBXBuildFile; fileRef = B67B97762ACB7DA000893223 /* linneUITests.swift */; };
		B67B97792ACB7DA000893223 /* linneUITestsLaunchTests.swift in Sources */ = {isa = PBXBuildFile; fileRef = B67B97782ACB7DA000893223 /* linneUITestsLaunchTests.swift */; };
		B67B97872ACB7ED000893223 /* LoginView.swift in Sources */ = {isa = PBXBuildFile; fileRef = B67B97862ACB7ED000893223 /* LoginView.swift */; };
		B67B978A2ACB858E00893223 /* ColorExtension.swift in Sources */ = {isa = PBXBuildFile; fileRef = B67B97892ACB858E00893223 /* ColorExtension.swift */; };
		B6CF73482AE4DE2C00D1FE81 /* FloatButton.swift in Sources */ = {isa = PBXBuildFile; fileRef = B6CF73472AE4DE2C00D1FE81 /* FloatButton.swift */; };
		B6CF734B2AE4E38600D1FE81 /* PostView.swift in Sources */ = {isa = PBXBuildFile; fileRef = B6CF734A2AE4E38600D1FE81 /* PostView.swift */; };
/* End PBXBuildFile section */

/* Begin PBXContainerItemProxy section */
		B67B97692ACB7DA000893223 /* PBXContainerItemProxy */ = {
			isa = PBXContainerItemProxy;
			containerPortal = B67B97502ACB7D9F00893223 /* Project object */;
			proxyType = 1;
			remoteGlobalIDString = B67B97572ACB7D9F00893223;
			remoteInfo = linne;
		};
		B67B97732ACB7DA000893223 /* PBXContainerItemProxy */ = {
			isa = PBXContainerItemProxy;
			containerPortal = B67B97502ACB7D9F00893223 /* Project object */;
			proxyType = 1;
			remoteGlobalIDString = B67B97572ACB7D9F00893223;
			remoteInfo = linne;
		};
/* End PBXContainerItemProxy section */

/* Begin PBXFileReference section */
		B64DA81A2ACEE4C40067D3AA /* ShareView.swift */ = {isa = PBXFileReference; lastKnownFileType = sourcecode.swift; path = ShareView.swift; sourceTree = "<group>"; };
		B6553B322ADC880900DCD38E /* HomeView.swift */ = {isa = PBXFileReference; lastKnownFileType = sourcecode.swift; path = HomeView.swift; sourceTree = "<group>"; };
		B67B97582ACB7D9F00893223 /* linne.app */ = {isa = PBXFileReference; explicitFileType = wrapper.application; includeInIndex = 0; path = linne.app; sourceTree = BUILT_PRODUCTS_DIR; };
		B67B975B2ACB7D9F00893223 /* linneApp.swift */ = {isa = PBXFileReference; lastKnownFileType = sourcecode.swift; path = linneApp.swift; sourceTree = "<group>"; };
		B67B975D2ACB7D9F00893223 /* ContentView.swift */ = {isa = PBXFileReference; lastKnownFileType = sourcecode.swift; path = ContentView.swift; sourceTree = "<group>"; };
		B67B975F2ACB7DA000893223 /* Assets.xcassets */ = {isa = PBXFileReference; lastKnownFileType = folder.assetcatalog; path = Assets.xcassets; sourceTree = "<group>"; };
		B67B97622ACB7DA000893223 /* Preview Assets.xcassets */ = {isa = PBXFileReference; lastKnownFileType = folder.assetcatalog; path = "Preview Assets.xcassets"; sourceTree = "<group>"; };
		B67B97682ACB7DA000893223 /* linneTests.xctest */ = {isa = PBXFileReference; explicitFileType = wrapper.cfbundle; includeInIndex = 0; path = linneTests.xctest; sourceTree = BUILT_PRODUCTS_DIR; };
		B67B976C2ACB7DA000893223 /* linneTests.swift */ = {isa = PBXFileReference; lastKnownFileType = sourcecode.swift; path = linneTests.swift; sourceTree = "<group>"; };
		B67B97722ACB7DA000893223 /* linneUITests.xctest */ = {isa = PBXFileReference; explicitFileType = wrapper.cfbundle; includeInIndex = 0; path = linneUITests.xctest; sourceTree = BUILT_PRODUCTS_DIR; };
		B67B97762ACB7DA000893223 /* linneUITests.swift */ = {isa = PBXFileReference; lastKnownFileType = sourcecode.swift; path = linneUITests.swift; sourceTree = "<group>"; };
		B67B97782ACB7DA000893223 /* linneUITestsLaunchTests.swift */ = {isa = PBXFileReference; lastKnownFileType = sourcecode.swift; path = linneUITestsLaunchTests.swift; sourceTree = "<group>"; };
		B67B97862ACB7ED000893223 /* LoginView.swift */ = {isa = PBXFileReference; lastKnownFileType = sourcecode.swift; path = LoginView.swift; sourceTree = "<group>"; };
		B67B97892ACB858E00893223 /* ColorExtension.swift */ = {isa = PBXFileReference; lastKnownFileType = sourcecode.swift; path = ColorExtension.swift; sourceTree = "<group>"; };
		B6CF73472AE4DE2C00D1FE81 /* FloatButton.swift */ = {isa = PBXFileReference; lastKnownFileType = sourcecode.swift; path = FloatButton.swift; sourceTree = "<group>"; };
		B6CF734A2AE4E38600D1FE81 /* PostView.swift */ = {isa = PBXFileReference; lastKnownFileType = sourcecode.swift; path = PostView.swift; sourceTree = "<group>"; };
/* End PBXFileReference section */

/* Begin PBXFrameworksBuildPhase section */
		B67B97552ACB7D9F00893223 /* Frameworks */ = {
			isa = PBXFrameworksBuildPhase;
			buildActionMask = 2147483647;
			files = (
			);
			runOnlyForDeploymentPostprocessing = 0;
		};
		B67B97652ACB7DA000893223 /* Frameworks */ = {
			isa = PBXFrameworksBuildPhase;
			buildActionMask = 2147483647;
			files = (
			);
			runOnlyForDeploymentPostprocessing = 0;
		};
		B67B976F2ACB7DA000893223 /* Frameworks */ = {
			isa = PBXFrameworksBuildPhase;
			buildActionMask = 2147483647;
			files = (
			);
			runOnlyForDeploymentPostprocessing = 0;
		};
/* End PBXFrameworksBuildPhase section */

/* Begin PBXGroup section */
		B64DA8192ACEE4A20067D3AA /* Share */ = {
			isa = PBXGroup;
			children = (
				B64DA81A2ACEE4C40067D3AA /* ShareView.swift */,
			);
			path = Share;
			sourceTree = "<group>";
		};
		B67B974F2ACB7D9F00893223 = {
			isa = PBXGroup;
			children = (
				B67B975A2ACB7D9F00893223 /* linne */,
				B67B976B2ACB7DA000893223 /* linneTests */,
				B67B97752ACB7DA000893223 /* linneUITests */,
				B67B97592ACB7D9F00893223 /* Products */,
			);
			sourceTree = "<group>";
		};
		B67B97592ACB7D9F00893223 /* Products */ = {
			isa = PBXGroup;
			children = (
				B67B97582ACB7D9F00893223 /* linne.app */,
				B67B97682ACB7DA000893223 /* linneTests.xctest */,
				B67B97722ACB7DA000893223 /* linneUITests.xctest */,
			);
			name = Products;
			sourceTree = "<group>";
		};
		B67B975A2ACB7D9F00893223 /* linne */ = {
			isa = PBXGroup;
			children = (
				B6CF73492AE4E37800D1FE81 /* Post */,
				B6CF73462AE4DE1100D1FE81 /* ViewParts */,
				B64DA8192ACEE4A20067D3AA /* Share */,
				B67B97882ACB857800893223 /* Extension */,
				B67B97852ACB7EC100893223 /* Login */,
				B67B975B2ACB7D9F00893223 /* linneApp.swift */,
				B6553B322ADC880900DCD38E /* HomeView.swift */,
				B67B975D2ACB7D9F00893223 /* ContentView.swift */,
				B67B975F2ACB7DA000893223 /* Assets.xcassets */,
				B67B97612ACB7DA000893223 /* Preview Content */,
			);
			path = linne;
			sourceTree = "<group>";
		};
		B67B97612ACB7DA000893223 /* Preview Content */ = {
			isa = PBXGroup;
			children = (
				B67B97622ACB7DA000893223 /* Preview Assets.xcassets */,
			);
			path = "Preview Content";
			sourceTree = "<group>";
		};
		B67B976B2ACB7DA000893223 /* linneTests */ = {
			isa = PBXGroup;
			children = (
				B67B976C2ACB7DA000893223 /* linneTests.swift */,
			);
			path = linneTests;
			sourceTree = "<group>";
		};
		B67B97752ACB7DA000893223 /* linneUITests */ = {
			isa = PBXGroup;
			children = (
				B67B97762ACB7DA000893223 /* linneUITests.swift */,
				B67B97782ACB7DA000893223 /* linneUITestsLaunchTests.swift */,
			);
			path = linneUITests;
			sourceTree = "<group>";
		};
		B67B97852ACB7EC100893223 /* Login */ = {
			isa = PBXGroup;
			children = (
				B67B97862ACB7ED000893223 /* LoginView.swift */,
			);
			path = Login;
			sourceTree = "<group>";
		};
		B67B97882ACB857800893223 /* Extension */ = {
			isa = PBXGroup;
			children = (
				B67B97892ACB858E00893223 /* ColorExtension.swift */,
			);
			path = Extension;
			sourceTree = "<group>";
		};
		B6CF73462AE4DE1100D1FE81 /* ViewParts */ = {
			isa = PBXGroup;
			children = (
				B6CF73472AE4DE2C00D1FE81 /* FloatButton.swift */,
			);
			path = ViewParts;
			sourceTree = "<group>";
		};
		B6CF73492AE4E37800D1FE81 /* Post */ = {
			isa = PBXGroup;
			children = (
				B6CF734A2AE4E38600D1FE81 /* PostView.swift */,
			);
			path = Post;
			sourceTree = "<group>";
		};
/* End PBXGroup section */

/* Begin PBXNativeTarget section */
		B67B97572ACB7D9F00893223 /* linne */ = {
			isa = PBXNativeTarget;
			buildConfigurationList = B67B977C2ACB7DA000893223 /* Build configuration list for PBXNativeTarget "linne" */;
			buildPhases = (
				B67B97542ACB7D9F00893223 /* Sources */,
				B67B97552ACB7D9F00893223 /* Frameworks */,
				B67B97562ACB7D9F00893223 /* Resources */,
			);
			buildRules = (
			);
			dependencies = (
			);
			name = linne;
			productName = linne;
			productReference = B67B97582ACB7D9F00893223 /* linne.app */;
			productType = "com.apple.product-type.application";
		};
		B67B97672ACB7DA000893223 /* linneTests */ = {
			isa = PBXNativeTarget;
			buildConfigurationList = B67B977F2ACB7DA000893223 /* Build configuration list for PBXNativeTarget "linneTests" */;
			buildPhases = (
				B67B97642ACB7DA000893223 /* Sources */,
				B67B97652ACB7DA000893223 /* Frameworks */,
				B67B97662ACB7DA000893223 /* Resources */,
			);
			buildRules = (
			);
			dependencies = (
				B67B976A2ACB7DA000893223 /* PBXTargetDependency */,
			);
			name = linneTests;
			productName = linneTests;
			productReference = B67B97682ACB7DA000893223 /* linneTests.xctest */;
			productType = "com.apple.product-type.bundle.unit-test";
		};
		B67B97712ACB7DA000893223 /* linneUITests */ = {
			isa = PBXNativeTarget;
			buildConfigurationList = B67B97822ACB7DA000893223 /* Build configuration list for PBXNativeTarget "linneUITests" */;
			buildPhases = (
				B67B976E2ACB7DA000893223 /* Sources */,
				B67B976F2ACB7DA000893223 /* Frameworks */,
				B67B97702ACB7DA000893223 /* Resources */,
			);
			buildRules = (
			);
			dependencies = (
				B67B97742ACB7DA000893223 /* PBXTargetDependency */,
			);
			name = linneUITests;
			productName = linneUITests;
			productReference = B67B97722ACB7DA000893223 /* linneUITests.xctest */;
			productType = "com.apple.product-type.bundle.ui-testing";
		};
/* End PBXNativeTarget section */

/* Begin PBXProject section */
		B67B97502ACB7D9F00893223 /* Project object */ = {
			isa = PBXProject;
			attributes = {
				BuildIndependentTargetsInParallel = 1;
				LastSwiftUpdateCheck = 1500;
				LastUpgradeCheck = 1500;
				TargetAttributes = {
					B67B97572ACB7D9F00893223 = {
						CreatedOnToolsVersion = 15.0;
					};
					B67B97672ACB7DA000893223 = {
						CreatedOnToolsVersion = 15.0;
						TestTargetID = B67B97572ACB7D9F00893223;
					};
					B67B97712ACB7DA000893223 = {
						CreatedOnToolsVersion = 15.0;
						TestTargetID = B67B97572ACB7D9F00893223;
					};
				};
			};
			buildConfigurationList = B67B97532ACB7D9F00893223 /* Build configuration list for PBXProject "linne" */;
			compatibilityVersion = "Xcode 14.0";
			developmentRegion = en;
			hasScannedForEncodings = 0;
			knownRegions = (
				en,
				Base,
			);
			mainGroup = B67B974F2ACB7D9F00893223;
			productRefGroup = B67B97592ACB7D9F00893223 /* Products */;
			projectDirPath = "";
			projectRoot = "";
			targets = (
				B67B97572ACB7D9F00893223 /* linne */,
				B67B97672ACB7DA000893223 /* linneTests */,
				B67B97712ACB7DA000893223 /* linneUITests */,
			);
		};
/* End PBXProject section */

/* Begin PBXResourcesBuildPhase section */
		B67B97562ACB7D9F00893223 /* Resources */ = {
			isa = PBXResourcesBuildPhase;
			buildActionMask = 2147483647;
			files = (
				B67B97632ACB7DA000893223 /* Preview Assets.xcassets in Resources */,
				B67B97602ACB7DA000893223 /* Assets.xcassets in Resources */,
			);
			runOnlyForDeploymentPostprocessing = 0;
		};
		B67B97662ACB7DA000893223 /* Resources */ = {
			isa = PBXResourcesBuildPhase;
			buildActionMask = 2147483647;
			files = (
			);
			runOnlyForDeploymentPostprocessing = 0;
		};
		B67B97702ACB7DA000893223 /* Resources */ = {
			isa = PBXResourcesBuildPhase;
			buildActionMask = 2147483647;
			files = (
			);
			runOnlyForDeploymentPostprocessing = 0;
		};
/* End PBXResourcesBuildPhase section */

/* Begin PBXSourcesBuildPhase section */
		B67B97542ACB7D9F00893223 /* Sources */ = {
			isa = PBXSourcesBuildPhase;
			buildActionMask = 2147483647;
			files = (
				B64DA81B2ACEE4C40067D3AA /* ShareView.swift in Sources */,
				B67B97872ACB7ED000893223 /* LoginView.swift in Sources */,
				B6CF734B2AE4E38600D1FE81 /* PostView.swift in Sources */,
				B67B975E2ACB7D9F00893223 /* ContentView.swift in Sources */,
				B6553B332ADC880900DCD38E /* HomeView.swift in Sources */,
				B6CF73482AE4DE2C00D1FE81 /* FloatButton.swift in Sources */,
				B67B975C2ACB7D9F00893223 /* linneApp.swift in Sources */,
				B67B978A2ACB858E00893223 /* ColorExtension.swift in Sources */,
			);
			runOnlyForDeploymentPostprocessing = 0;
		};
		B67B97642ACB7DA000893223 /* Sources */ = {
			isa = PBXSourcesBuildPhase;
			buildActionMask = 2147483647;
			files = (
				B67B976D2ACB7DA000893223 /* linneTests.swift in Sources */,
			);
			runOnlyForDeploymentPostprocessing = 0;
		};
		B67B976E2ACB7DA000893223 /* Sources */ = {
			isa = PBXSourcesBuildPhase;
			buildActionMask = 2147483647;
			files = (
				B67B97772ACB7DA000893223 /* linneUITests.swift in Sources */,
				B67B97792ACB7DA000893223 /* linneUITestsLaunchTests.swift in Sources */,
			);
			runOnlyForDeploymentPostprocessing = 0;
		};
/* End PBXSourcesBuildPhase section */

/* Begin PBXTargetDependency section */
		B67B976A2ACB7DA000893223 /* PBXTargetDependency */ = {
			isa = PBXTargetDependency;
			target = B67B97572ACB7D9F00893223 /* linne */;
			targetProxy = B67B97692ACB7DA000893223 /* PBXContainerItemProxy */;
		};
		B67B97742ACB7DA000893223 /* PBXTargetDependency */ = {
			isa = PBXTargetDependency;
			target = B67B97572ACB7D9F00893223 /* linne */;
			targetProxy = B67B97732ACB7DA000893223 /* PBXContainerItemProxy */;
		};
/* End PBXTargetDependency section */

/* Begin XCBuildConfiguration section */
		B67B977A2ACB7DA000893223 /* Debug */ = {
			isa = XCBuildConfiguration;
			buildSettings = {
				ALWAYS_SEARCH_USER_PATHS = NO;
				ASSETCATALOG_COMPILER_GENERATE_SWIFT_ASSET_SYMBOL_EXTENSIONS = YES;
				CLANG_ANALYZER_NONNULL = YES;
				CLANG_ANALYZER_NUMBER_OBJECT_CONVERSION = YES_AGGRESSIVE;
				CLANG_CXX_LANGUAGE_STANDARD = "gnu++20";
				CLANG_ENABLE_MODULES = YES;
				CLANG_ENABLE_OBJC_ARC = YES;
				CLANG_ENABLE_OBJC_WEAK = YES;
				CLANG_WARN_BLOCK_CAPTURE_AUTORELEASING = YES;
				CLANG_WARN_BOOL_CONVERSION = YES;
				CLANG_WARN_COMMA = YES;
				CLANG_WARN_CONSTANT_CONVERSION = YES;
				CLANG_WARN_DEPRECATED_OBJC_IMPLEMENTATIONS = YES;
				CLANG_WARN_DIRECT_OBJC_ISA_USAGE = YES_ERROR;
				CLANG_WARN_DOCUMENTATION_COMMENTS = YES;
				CLANG_WARN_EMPTY_BODY = YES;
				CLANG_WARN_ENUM_CONVERSION = YES;
				CLANG_WARN_INFINITE_RECURSION = YES;
				CLANG_WARN_INT_CONVERSION = YES;
				CLANG_WARN_NON_LITERAL_NULL_CONVERSION = YES;
				CLANG_WARN_OBJC_IMPLICIT_RETAIN_SELF = YES;
				CLANG_WARN_OBJC_LITERAL_CONVERSION = YES;
				CLANG_WARN_OBJC_ROOT_CLASS = YES_ERROR;
				CLANG_WARN_QUOTED_INCLUDE_IN_FRAMEWORK_HEADER = YES;
				CLANG_WARN_RANGE_LOOP_ANALYSIS = YES;
				CLANG_WARN_STRICT_PROTOTYPES = YES;
				CLANG_WARN_SUSPICIOUS_MOVE = YES;
				CLANG_WARN_UNGUARDED_AVAILABILITY = YES_AGGRESSIVE;
				CLANG_WARN_UNREACHABLE_CODE = YES;
				CLANG_WARN__DUPLICATE_METHOD_MATCH = YES;
				COPY_PHASE_STRIP = NO;
				DEBUG_INFORMATION_FORMAT = dwarf;
				ENABLE_STRICT_OBJC_MSGSEND = YES;
				ENABLE_TESTABILITY = YES;
				ENABLE_USER_SCRIPT_SANDBOXING = YES;
				GCC_C_LANGUAGE_STANDARD = gnu17;
				GCC_DYNAMIC_NO_PIC = NO;
				GCC_NO_COMMON_BLOCKS = YES;
				GCC_OPTIMIZATION_LEVEL = 0;
				GCC_PREPROCESSOR_DEFINITIONS = (
					"DEBUG=1",
					"$(inherited)",
				);
				GCC_WARN_64_TO_32_BIT_CONVERSION = YES;
				GCC_WARN_ABOUT_RETURN_TYPE = YES_ERROR;
				GCC_WARN_UNDECLARED_SELECTOR = YES;
				GCC_WARN_UNINITIALIZED_AUTOS = YES_AGGRESSIVE;
				GCC_WARN_UNUSED_FUNCTION = YES;
				GCC_WARN_UNUSED_VARIABLE = YES;
				IPHONEOS_DEPLOYMENT_TARGET = 17.0;
				LOCALIZATION_PREFERS_STRING_CATALOGS = YES;
				MTL_ENABLE_DEBUG_INFO = INCLUDE_SOURCE;
				MTL_FAST_MATH = YES;
				ONLY_ACTIVE_ARCH = YES;
				SDKROOT = iphoneos;
				SWIFT_ACTIVE_COMPILATION_CONDITIONS = "DEBUG $(inherited)";
				SWIFT_OPTIMIZATION_LEVEL = "-Onone";
			};
			name = Debug;
		};
		B67B977B2ACB7DA000893223 /* Release */ = {
			isa = XCBuildConfiguration;
			buildSettings = {
				ALWAYS_SEARCH_USER_PATHS = NO;
				ASSETCATALOG_COMPILER_GENERATE_SWIFT_ASSET_SYMBOL_EXTENSIONS = YES;
				CLANG_ANALYZER_NONNULL = YES;
				CLANG_ANALYZER_NUMBER_OBJECT_CONVERSION = YES_AGGRESSIVE;
				CLANG_CXX_LANGUAGE_STANDARD = "gnu++20";
				CLANG_ENABLE_MODULES = YES;
				CLANG_ENABLE_OBJC_ARC = YES;
				CLANG_ENABLE_OBJC_WEAK = YES;
				CLANG_WARN_BLOCK_CAPTURE_AUTORELEASING = YES;
				CLANG_WARN_BOOL_CONVERSION = YES;
				CLANG_WARN_COMMA = YES;
				CLANG_WARN_CONSTANT_CONVERSION = YES;
				CLANG_WARN_DEPRECATED_OBJC_IMPLEMENTATIONS = YES;
				CLANG_WARN_DIRECT_OBJC_ISA_USAGE = YES_ERROR;
				CLANG_WARN_DOCUMENTATION_COMMENTS = YES;
				CLANG_WARN_EMPTY_BODY = YES;
				CLANG_WARN_ENUM_CONVERSION = YES;
				CLANG_WARN_INFINITE_RECURSION = YES;
				CLANG_WARN_INT_CONVERSION = YES;
				CLANG_WARN_NON_LITERAL_NULL_CONVERSION = YES;
				CLANG_WARN_OBJC_IMPLICIT_RETAIN_SELF = YES;
				CLANG_WARN_OBJC_LITERAL_CONVERSION = YES;
				CLANG_WARN_OBJC_ROOT_CLASS = YES_ERROR;
				CLANG_WARN_QUOTED_INCLUDE_IN_FRAMEWORK_HEADER = YES;
				CLANG_WARN_RANGE_LOOP_ANALYSIS = YES;
				CLANG_WARN_STRICT_PROTOTYPES = YES;
				CLANG_WARN_SUSPICIOUS_MOVE = YES;
				CLANG_WARN_UNGUARDED_AVAILABILITY = YES_AGGRESSIVE;
				CLANG_WARN_UNREACHABLE_CODE = YES;
				CLANG_WARN__DUPLICATE_METHOD_MATCH = YES;
				COPY_PHASE_STRIP = NO;
				DEBUG_INFORMATION_FORMAT = "dwarf-with-dsym";
				ENABLE_NS_ASSERTIONS = NO;
				ENABLE_STRICT_OBJC_MSGSEND = YES;
				ENABLE_USER_SCRIPT_SANDBOXING = YES;
				GCC_C_LANGUAGE_STANDARD = gnu17;
				GCC_NO_COMMON_BLOCKS = YES;
				GCC_WARN_64_TO_32_BIT_CONVERSION = YES;
				GCC_WARN_ABOUT_RETURN_TYPE = YES_ERROR;
				GCC_WARN_UNDECLARED_SELECTOR = YES;
				GCC_WARN_UNINITIALIZED_AUTOS = YES_AGGRESSIVE;
				GCC_WARN_UNUSED_FUNCTION = YES;
				GCC_WARN_UNUSED_VARIABLE = YES;
				IPHONEOS_DEPLOYMENT_TARGET = 17.0;
				LOCALIZATION_PREFERS_STRING_CATALOGS = YES;
				MTL_ENABLE_DEBUG_INFO = NO;
				MTL_FAST_MATH = YES;
				SDKROOT = iphoneos;
				SWIFT_COMPILATION_MODE = wholemodule;
				VALIDATE_PRODUCT = YES;
			};
			name = Release;
		};
		B67B977D2ACB7DA000893223 /* Debug */ = {
			isa = XCBuildConfiguration;
			buildSettings = {
				ASSETCATALOG_COMPILER_APPICON_NAME = AppIcon;
				ASSETCATALOG_COMPILER_GLOBAL_ACCENT_COLOR_NAME = AccentColor;
				CODE_SIGN_STYLE = Automatic;
				CURRENT_PROJECT_VERSION = 1;
				DEVELOPMENT_ASSET_PATHS = "\"linne/Preview Content\"";
				DEVELOPMENT_TEAM = A8Z7T6U84C;
				ENABLE_PREVIEWS = YES;
				GENERATE_INFOPLIST_FILE = YES;
				INFOPLIST_KEY_UIApplicationSceneManifest_Generation = YES;
				INFOPLIST_KEY_UIApplicationSupportsIndirectInputEvents = YES;
				INFOPLIST_KEY_UILaunchScreen_Generation = YES;
				INFOPLIST_KEY_UISupportedInterfaceOrientations = UIInterfaceOrientationPortrait;
				LD_RUNPATH_SEARCH_PATHS = (
					"$(inherited)",
					"@executable_path/Frameworks",
				);
				MARKETING_VERSION = 1.0;
				PRODUCT_BUNDLE_IDENTIFIER = linne.com.linne;
				PRODUCT_NAME = "$(TARGET_NAME)";
				SWIFT_EMIT_LOC_STRINGS = YES;
				SWIFT_VERSION = 5.0;
				TARGETED_DEVICE_FAMILY = "1,2";
			};
			name = Debug;
		};
		B67B977E2ACB7DA000893223 /* Release */ = {
			isa = XCBuildConfiguration;
			buildSettings = {
				ASSETCATALOG_COMPILER_APPICON_NAME = AppIcon;
				ASSETCATALOG_COMPILER_GLOBAL_ACCENT_COLOR_NAME = AccentColor;
				CODE_SIGN_STYLE = Automatic;
				CURRENT_PROJECT_VERSION = 1;
				DEVELOPMENT_ASSET_PATHS = "\"linne/Preview Content\"";
				DEVELOPMENT_TEAM = A8Z7T6U84C;
				ENABLE_PREVIEWS = YES;
				GENERATE_INFOPLIST_FILE = YES;
				INFOPLIST_KEY_UIApplicationSceneManifest_Generation = YES;
				INFOPLIST_KEY_UIApplicationSupportsIndirectInputEvents = YES;
				INFOPLIST_KEY_UILaunchScreen_Generation = YES;
				INFOPLIST_KEY_UISupportedInterfaceOrientations = UIInterfaceOrientationPortrait;
				LD_RUNPATH_SEARCH_PATHS = (
					"$(inherited)",
					"@executable_path/Frameworks",
				);
				MARKETING_VERSION = 1.0;
				PRODUCT_BUNDLE_IDENTIFIER = linne.com.linne;
				PRODUCT_NAME = "$(TARGET_NAME)";
				SWIFT_EMIT_LOC_STRINGS = YES;
				SWIFT_VERSION = 5.0;
				TARGETED_DEVICE_FAMILY = "1,2";
			};
			name = Release;
		};
		B67B97802ACB7DA000893223 /* Debug */ = {
			isa = XCBuildConfiguration;
			buildSettings = {
				ALWAYS_EMBED_SWIFT_STANDARD_LIBRARIES = YES;
				BUNDLE_LOADER = "$(TEST_HOST)";
				CODE_SIGN_STYLE = Automatic;
				CURRENT_PROJECT_VERSION = 1;
				DEVELOPMENT_TEAM = A8Z7T6U84C;
				GENERATE_INFOPLIST_FILE = YES;
				IPHONEOS_DEPLOYMENT_TARGET = 17.0;
				MARKETING_VERSION = 1.0;
				PRODUCT_BUNDLE_IDENTIFIER = linne.com.linneTests;
				PRODUCT_NAME = "$(TARGET_NAME)";
				SWIFT_EMIT_LOC_STRINGS = NO;
				SWIFT_VERSION = 5.0;
				TARGETED_DEVICE_FAMILY = "1,2";
				TEST_HOST = "$(BUILT_PRODUCTS_DIR)/linne.app/$(BUNDLE_EXECUTABLE_FOLDER_PATH)/linne";
			};
			name = Debug;
		};
		B67B97812ACB7DA000893223 /* Release */ = {
			isa = XCBuildConfiguration;
			buildSettings = {
				ALWAYS_EMBED_SWIFT_STANDARD_LIBRARIES = YES;
				BUNDLE_LOADER = "$(TEST_HOST)";
				CODE_SIGN_STYLE = Automatic;
				CURRENT_PROJECT_VERSION = 1;
				DEVELOPMENT_TEAM = A8Z7T6U84C;
				GENERATE_INFOPLIST_FILE = YES;
				IPHONEOS_DEPLOYMENT_TARGET = 17.0;
				MARKETING_VERSION = 1.0;
				PRODUCT_BUNDLE_IDENTIFIER = linne.com.linneTests;
				PRODUCT_NAME = "$(TARGET_NAME)";
				SWIFT_EMIT_LOC_STRINGS = NO;
				SWIFT_VERSION = 5.0;
				TARGETED_DEVICE_FAMILY = "1,2";
				TEST_HOST = "$(BUILT_PRODUCTS_DIR)/linne.app/$(BUNDLE_EXECUTABLE_FOLDER_PATH)/linne";
			};
			name = Release;
		};
		B67B97832ACB7DA000893223 /* Debug */ = {
			isa = XCBuildConfiguration;
			buildSettings = {
				ALWAYS_EMBED_SWIFT_STANDARD_LIBRARIES = YES;
				CODE_SIGN_STYLE = Automatic;
				CURRENT_PROJECT_VERSION = 1;
				DEVELOPMENT_TEAM = A8Z7T6U84C;
				GENERATE_INFOPLIST_FILE = YES;
				MARKETING_VERSION = 1.0;
				PRODUCT_BUNDLE_IDENTIFIER = linne.com.linneUITests;
				PRODUCT_NAME = "$(TARGET_NAME)";
				SWIFT_EMIT_LOC_STRINGS = NO;
				SWIFT_VERSION = 5.0;
				TARGETED_DEVICE_FAMILY = "1,2";
				TEST_TARGET_NAME = linne;
			};
			name = Debug;
		};
		B67B97842ACB7DA000893223 /* Release */ = {
			isa = XCBuildConfiguration;
			buildSettings = {
				ALWAYS_EMBED_SWIFT_STANDARD_LIBRARIES = YES;
				CODE_SIGN_STYLE = Automatic;
				CURRENT_PROJECT_VERSION = 1;
				DEVELOPMENT_TEAM = A8Z7T6U84C;
				GENERATE_INFOPLIST_FILE = YES;
				MARKETING_VERSION = 1.0;
				PRODUCT_BUNDLE_IDENTIFIER = linne.com.linneUITests;
				PRODUCT_NAME = "$(TARGET_NAME)";
				SWIFT_EMIT_LOC_STRINGS = NO;
				SWIFT_VERSION = 5.0;
				TARGETED_DEVICE_FAMILY = "1,2";
				TEST_TARGET_NAME = linne;
			};
			name = Release;
		};
/* End XCBuildConfiguration section */

/* Begin XCConfigurationList section */
		B67B97532ACB7D9F00893223 /* Build configuration list for PBXProject "linne" */ = {
			isa = XCConfigurationList;
			buildConfigurations = (
				B67B977A2ACB7DA000893223 /* Debug */,
				B67B977B2ACB7DA000893223 /* Release */,
			);
			defaultConfigurationIsVisible = 0;
			defaultConfigurationName = Release;
		};
		B67B977C2ACB7DA000893223 /* Build configuration list for PBXNativeTarget "linne" */ = {
			isa = XCConfigurationList;
			buildConfigurations = (
				B67B977D2ACB7DA000893223 /* Debug */,
				B67B977E2ACB7DA000893223 /* Release */,
			);
			defaultConfigurationIsVisible = 0;
			defaultConfigurationName = Release;
		};
		B67B977F2ACB7DA000893223 /* Build configuration list for PBXNativeTarget "linneTests" */ = {
			isa = XCConfigurationList;
			buildConfigurations = (
				B67B97802ACB7DA000893223 /* Debug */,
				B67B97812ACB7DA000893223 /* Release */,
			);
			defaultConfigurationIsVisible = 0;
			defaultConfigurationName = Release;
		};
		B67B97822ACB7DA000893223 /* Build configuration list for PBXNativeTarget "linneUITests" */ = {
			isa = XCConfigurationList;
			buildConfigurations = (
				B67B97832ACB7DA000893223 /* Debug */,
				B67B97842ACB7DA000893223 /* Release */,
			);
			defaultConfigurationIsVisible = 0;
			defaultConfigurationName = Release;
		};
/* End XCConfigurationList section */
	};
	rootObject = B67B97502ACB7D9F00893223 /* Project object */;
}
